
Microsoft Visual Studio Solution File, Format Version 12.00
# Visual Studio 2013
VisualStudioVersion = 12.0.21005.1
MinimumVisualStudioVersion = 10.0.40219.1
Project("{FAE04EC0-301F-11D3-BF4B-00C04F79EFBC}") = "SocialNetwork.WebUi", "WebUi\SocialNetwork.WebUi.csproj", "{61C9C97A-454E-4B1F-A88C-3E1CE6EB87F6}"
EndProject
Project("{FAE04EC0-301F-11D3-BF4B-00C04F79EFBC}") = "SocialNetwork.Orm", "SocialNetwork.Orm\SocialNetwork.Orm.csproj", "{C2D73C16-0A9C-4EEC-BFFF-869864C10654}"
EndProject
Project("{FAE04EC0-301F-11D3-BF4B-00C04F79EFBC}") = "SocialNetwork.Dal.Interface", "SocialNetwork.Dal.Interface\SocialNetwork.Dal.Interface.csproj", "{50A48948-698C-4BD5-8EB1-B062EB8B0F15}"
EndProject
Project("{FAE04EC0-301F-11D3-BF4B-00C04F79EFBC}") = "SocialNetwork.Dal", "SocialNetwork.Dal\SocialNetwork.Dal.csproj", "{81A7E3C6-8910-462D-B8B4-9E4A6BF55ADA}"
EndProject
Project("{FAE04EC0-301F-11D3-BF4B-00C04F79EFBC}") = "ConsoleApplication1", "ConsoleApplication1\ConsoleApplication1.csproj", "{D8174B68-72A7-4DF2-9E23-B127B38E1FE7}"
EndProject
Project("{FAE04EC0-301F-11D3-BF4B-00C04F79EFBC}") = "SocialNetwork.Bll.Interface", "SocialNetwork.Bll.Interface\SocialNetwork.Bll.Interface.csproj", "{5CFA4679-9BAF-4EC5-BF87-B6FE4A487985}"
EndProject
Project("{FAE04EC0-301F-11D3-BF4B-00C04F79EFBC}") = "SocialNetwork.Bll", "SocialNetwork.Bll\SocialNetwork.Bll.csproj", "{4CE3827B-0CDF-4F70-AD08-709C640AA516}"
EndProject
Project("{FAE04EC0-301F-11D3-BF4B-00C04F79EFBC}") = "SocialNetwork.DependencyResolver", "SocialNetwork.DependencyResolver\SocialNetwork.DependencyResolver.csproj", "{4A182E1A-CB7A-4080-AD99-4268D2F2AE62}"
EndProject
Global
	GlobalSection(SolutionConfigurationPlatforms) = preSolution
		Debug|Any CPU = Debug|Any CPU
		Release|Any CPU = Release|Any CPU
	EndGlobalSection
	GlobalSection(ProjectConfigurationPlatforms) = postSolution
		{61C9C97A-454E-4B1F-A88C-3E1CE6EB87F6}.Debug|Any CPU.ActiveCfg = Debug|Any CPU
		{61C9C97A-454E-4B1F-A88C-3E1CE6EB87F6}.Debug|Any CPU.Build.0 = Debug|Any CPU
		{61C9C97A-454E-4B1F-A88C-3E1CE6EB87F6}.Release|Any CPU.ActiveCfg = Release|Any CPU
		{61C9C97A-454E-4B1F-A88C-3E1CE6EB87F6}.Release|Any CPU.Build.0 = Release|Any CPU
		{C2D73C16-0A9C-4EEC-BFFF-869864C10654}.Debug|Any CPU.ActiveCfg = Debug|Any CPU
		{C2D73C16-0A9C-4EEC-BFFF-869864C10654}.Debug|Any CPU.Build.0 = Debug|Any CPU
		{C2D73C16-0A9C-4EEC-BFFF-869864C10654}.Release|Any CPU.ActiveCfg = Release|Any CPU
		{C2D73C16-0A9C-4EEC-BFFF-869864C10654}.Release|Any CPU.Build.0 = Release|Any CPU
		{50A48948-698C-4BD5-8EB1-B062EB8B0F15}.Debug|Any CPU.ActiveCfg = Debug|Any CPU
		{50A48948-698C-4BD5-8EB1-B062EB8B0F15}.Debug|Any CPU.Build.0 = Debug|Any CPU
		{50A48948-698C-4BD5-8EB1-B062EB8B0F15}.Release|Any CPU.ActiveCfg = Release|Any CPU
		{50A48948-698C-4BD5-8EB1-B062EB8B0F15}.Release|Any CPU.Build.0 = Release|Any CPU
		{81A7E3C6-8910-462D-B8B4-9E4A6BF55ADA}.Debug|Any CPU.ActiveCfg = Debug|Any CPU
		{81A7E3C6-8910-462D-B8B4-9E4A6BF55ADA}.Debug|Any CPU.Build.0 = Debug|Any CPU
		{81A7E3C6-8910-462D-B8B4-9E4A6BF55ADA}.Release|Any CPU.ActiveCfg = Release|Any CPU
		{81A7E3C6-8910-462D-B8B4-9E4A6BF55ADA}.Release|Any CPU.Build.0 = Release|Any CPU
		{D8174B68-72A7-4DF2-9E23-B127B38E1FE7}.Debug|Any CPU.ActiveCfg = Debug|Any CPU
		{D8174B68-72A7-4DF2-9E23-B127B38E1FE7}.Debug|Any CPU.Build.0 = Debug|Any CPU
		{D8174B68-72A7-4DF2-9E23-B127B38E1FE7}.Release|Any CPU.ActiveCfg = Release|Any CPU
		{D8174B68-72A7-4DF2-9E23-B127B38E1FE7}.Release|Any CPU.Build.0 = Release|Any CPU
		{5CFA4679-9BAF-4EC5-BF87-B6FE4A487985}.Debug|Any CPU.ActiveCfg = Debug|Any CPU
		{5CFA4679-9BAF-4EC5-BF87-B6FE4A487985}.Debug|Any CPU.Build.0 = Debug|Any CPU
		{5CFA4679-9BAF-4EC5-BF87-B6FE4A487985}.Release|Any CPU.ActiveCfg = Release|Any CPU
		{5CFA4679-9BAF-4EC5-BF87-B6FE4A487985}.Release|Any CPU.Build.0 = Release|Any CPU
		{4CE3827B-0CDF-4F70-AD08-709C640AA516}.Debug|Any CPU.ActiveCfg = Debug|Any CPU
		{4CE3827B-0CDF-4F70-AD08-709C640AA516}.Debug|Any CPU.Build.0 = Debug|Any CPU
		{4CE3827B-0CDF-4F70-AD08-709C640AA516}.Release|Any CPU.ActiveCfg = Release|Any CPU
		{4CE3827B-0CDF-4F70-AD08-709C640AA516}.Release|Any CPU.Build.0 = Release|Any CPU
		{4A182E1A-CB7A-4080-AD99-4268D2F2AE62}.Debug|Any CPU.ActiveCfg = Debug|Any CPU
		{4A182E1A-CB7A-4080-AD99-4268D2F2AE62}.Debug|Any CPU.Build.0 = Debug|Any CPU
		{4A182E1A-CB7A-4080-AD99-4268D2F2AE62}.Release|Any CPU.ActiveCfg = Release|Any CPU
		{4A182E1A-CB7A-4080-AD99-4268D2F2AE62}.Release|Any CPU.Build.0 = Release|Any CPU
	EndGlobalSection
	GlobalSection(SolutionProperties) = preSolution
		HideSolutionNode = FALSE
	EndGlobalSection
EndGlobal
